PODS:
  - CocoaLumberjack (1.6.5.1):
    - CocoaLumberjack/Core
    - CocoaLumberjack/Extensions
  - CocoaLumberjack/Core (1.6.5.1)
  - CocoaLumberjack/Extensions (1.6.5.1):
    - CocoaLumberjack/Core
  - JXHTTP (1.0.0)
  - Mantle (1.4):
    - Mantle/extobjc
  - Mantle/extobjc (1.4)
  - SDWebImage (3.5.4):
    - SDWebImage/Core
  - SDWebImage/Core (3.5.4)
  - TMTumblrSDK (1.0.6):
    - TMTumblrSDK/Activity
    - TMTumblrSDK/APIClient
    - TMTumblrSDK/AppClient
    - TMTumblrSDK/Core
  - TMTumblrSDK/Activity (1.0.6)
  - TMTumblrSDK/APIClient (1.0.6):
    - JXHTTP (= 1.0.0)
    - TMTumblrSDK/APIClient/Authentication
  - TMTumblrSDK/APIClient/Authentication (1.0.6):
    - JXHTTP (= 1.0.0)
    - TMTumblrSDK/Core
  - TMTumblrSDK/AppClient (1.0.6):
    - TMTumblrSDK/Core
  - TMTumblrSDK/Core (1.0.6)
  - UIColor-Crayola (1.0)
  - UIView+AutoLayout (1.2.0)
  - YapDatabase (2.4):
    - CocoaLumberjack (~> 1.6.3)

DEPENDENCIES:
  - Mantle
  - SDWebImage (from `git@github.com:brianmichel/SDWebImage.git`, branch `feature/force-gif-decode`)
  - TMTumblrSDK
  - UIColor-Crayola
  - UIView+AutoLayout
  - YapDatabase

EXTERNAL SOURCES:
  SDWebImage:
    :branch: feature/force-gif-decode
    :git: git@github.com:brianmichel/SDWebImage.git

SPEC CHECKSUMS:
  CocoaLumberjack: 17803afbade3126a377d32b8d23367264b44ced6
  JXHTTP: 04f027e55c252d206cf3fcc2a2bde3914a35d842
  Mantle: de026e86c183c5adfd453c1d8419babb787fea97
  SDWebImage: 1a62010700adbba823b621fc217906739dbf6aa5
  TMTumblrSDK: cc16af8cfc8124926ab202455c1a6c87ff8725b3
  UIColor-Crayola: 20eacda0777fd487efba6831e2b34625e8ce3ceb
  UIView+AutoLayout: 1bcec87eaa77ffa088dc37e061d25fdead740089
  YapDatabase: 3e1159ee9540859342bf2869a86dd9e434548c45

COCOAPODS: 0.29.0
